
Microsoft Visual Studio Solution File, Format Version 12.00
# Visual Studio Version 16
VisualStudioVersion = 16.0.31613.86
MinimumVisualStudioVersion = 10.0.40219.1
Project("{2150E333-8FDC-42A3-9474-1A3956D46DE8}") = "Solution Items", "Solution Items", "{7E4F2B89-A363-472B-A484-12508596C171}"
	ProjectSection(SolutionItems) = preProject
		.editorconfig = .editorconfig
		README.md = README.md
	EndProjectSection
EndProject
Project("{9A19103F-16F7-4668-BE54-9A1E7A4F7556}") = "TwelveWeekYear.WebApp", "src\TwelveWeekYear.WebApp\TwelveWeekYear.WebApp.csproj", "{5CF25C4F-5CD7-4341-AACA-28F5E352F830}"
EndProject
Project("{9A19103F-16F7-4668-BE54-9A1E7A4F7556}") = "TwelveWeekYear.Api", "src\TwelveWeekYear.Api\TwelveWeekYear.Api.csproj", "{FF99C6CB-1AF4-475A-9E81-F0A2723A9423}"
EndProject
Project("{FAE04EC0-301F-11D3-BF4B-00C04F79EFBC}") = "TwelveWeekYear.Domain", "src\TwelveWeekYear.Domain\TwelveWeekYear.Domain.csproj", "{2944BF5D-D8E6-41DD-A83E-ABB81AB808E1}"
EndProject
Project("{FAE04EC0-301F-11D3-BF4B-00C04F79EFBC}") = "TwelveWeekYear.Application", "src\TwelveWeekYear.Application\TwelveWeekYear.Application.csproj", "{031E0597-0F8D-4CC4-985E-7F149A10B700}"
EndProject
Project("{FAE04EC0-301F-11D3-BF4B-00C04F79EFBC}") = "TwelveWeekYear.Infrastructure", "src\TwelveWeekYear.Infrastructure\TwelveWeekYear.Infrastructure.csproj", "{95B7FCE1-3E66-4F89-AEA0-1584B1F98331}"
EndProject
Global
	GlobalSection(SolutionConfigurationPlatforms) = preSolution
		Debug|Any CPU = Debug|Any CPU
		Release|Any CPU = Release|Any CPU
	EndGlobalSection
	GlobalSection(ProjectConfigurationPlatforms) = postSolution
		{5CF25C4F-5CD7-4341-AACA-28F5E352F830}.Debug|Any CPU.ActiveCfg = Debug|Any CPU
		{5CF25C4F-5CD7-4341-AACA-28F5E352F830}.Debug|Any CPU.Build.0 = Debug|Any CPU
		{5CF25C4F-5CD7-4341-AACA-28F5E352F830}.Release|Any CPU.ActiveCfg = Release|Any CPU
		{5CF25C4F-5CD7-4341-AACA-28F5E352F830}.Release|Any CPU.Build.0 = Release|Any CPU
		{FF99C6CB-1AF4-475A-9E81-F0A2723A9423}.Debug|Any CPU.ActiveCfg = Debug|Any CPU
		{FF99C6CB-1AF4-475A-9E81-F0A2723A9423}.Debug|Any CPU.Build.0 = Debug|Any CPU
		{FF99C6CB-1AF4-475A-9E81-F0A2723A9423}.Release|Any CPU.ActiveCfg = Release|Any CPU
		{FF99C6CB-1AF4-475A-9E81-F0A2723A9423}.Release|Any CPU.Build.0 = Release|Any CPU
		{2944BF5D-D8E6-41DD-A83E-ABB81AB808E1}.Debug|Any CPU.ActiveCfg = Debug|Any CPU
		{2944BF5D-D8E6-41DD-A83E-ABB81AB808E1}.Debug|Any CPU.Build.0 = Debug|Any CPU
		{2944BF5D-D8E6-41DD-A83E-ABB81AB808E1}.Release|Any CPU.ActiveCfg = Release|Any CPU
		{2944BF5D-D8E6-41DD-A83E-ABB81AB808E1}.Release|Any CPU.Build.0 = Release|Any CPU
		{031E0597-0F8D-4CC4-985E-7F149A10B700}.Debug|Any CPU.ActiveCfg = Debug|Any CPU
		{031E0597-0F8D-4CC4-985E-7F149A10B700}.Debug|Any CPU.Build.0 = Debug|Any CPU
		{031E0597-0F8D-4CC4-985E-7F149A10B700}.Release|Any CPU.ActiveCfg = Release|Any CPU
		{031E0597-0F8D-4CC4-985E-7F149A10B700}.Release|Any CPU.Build.0 = Release|Any CPU
		{95B7FCE1-3E66-4F89-AEA0-1584B1F98331}.Debug|Any CPU.ActiveCfg = Debug|Any CPU
		{95B7FCE1-3E66-4F89-AEA0-1584B1F98331}.Debug|Any CPU.Build.0 = Debug|Any CPU
		{95B7FCE1-3E66-4F89-AEA0-1584B1F98331}.Release|Any CPU.ActiveCfg = Release|Any CPU
		{95B7FCE1-3E66-4F89-AEA0-1584B1F98331}.Release|Any CPU.Build.0 = Release|Any CPU
	EndGlobalSection
	GlobalSection(SolutionProperties) = preSolution
		HideSolutionNode = FALSE
	EndGlobalSection
	GlobalSection(ExtensibilityGlobals) = postSolution
		SolutionGuid = {6740B772-4610-4DC9-82A4-483CA8750C8B}
	EndGlobalSection
EndGlobal
